
Microsoft Visual Studio Solution File, Format Version 12.00
# Visual Studio 15
VisualStudioVersion = 15.0.27004.2005
MinimumVisualStudioVersion = 10.0.40219.1
Project("{FAE04EC0-301F-11D3-BF4B-00C04F79EFBC}") = "jemalloc.Bindings", "jemalloc.Bindings\jemalloc.Bindings.csproj", "{C24A6949-BA9E-443B-A67E-188AB489057E}"
EndProject
Global
	GlobalSection(SolutionConfigurationPlatforms) = preSolution
		Debug|Any CPU = Debug|Any CPU
		Release|Any CPU = Release|Any CPU
	EndGlobalSection
	GlobalSection(ProjectConfigurationPlatforms) = postSolution
		{C24A6949-BA9E-443B-A67E-188AB489057E}.Debug|Any CPU.ActiveCfg = Debug|Any CPU
		{C24A6949-BA9E-443B-A67E-188AB489057E}.Debug|Any CPU.Build.0 = Debug|Any CPU
		{C24A6949-BA9E-443B-A67E-188AB489057E}.Release|Any CPU.ActiveCfg = Release|Any CPU
		{C24A6949-BA9E-443B-A67E-188AB489057E}.Release|Any CPU.Build.0 = Release|Any CPU
	EndGlobalSection
	GlobalSection(SolutionProperties) = preSolution
		HideSolutionNode = FALSE
	EndGlobalSection
	GlobalSection(ExtensibilityGlobals) = postSolution
		SolutionGuid = {03EC717B-98F6-4CEE-A5D7-236D8AF7B581}
	EndGlobalSection
EndGlobal
