
Microsoft Visual Studio Solution File, Format Version 12.00
# Visual Studio 15
VisualStudioVersion = 15.0.27004.2009
MinimumVisualStudioVersion = 10.0.40219.1
Project("{FAE04EC0-301F-11D3-BF4B-00C04F79EFBC}") = "jemalloc.Bindings", "jemalloc.Bindings\jemalloc.Bindings.csproj", "{C24A6949-BA9E-443B-A67E-188AB489057E}"
EndProject
Project("{8BC9CEB8-8B4A-11D0-8D11-00A0C91BC942}") = "jemalloc", "jemalloc\msvc\projects\vc2017\jemalloc\jemalloc.vcxproj", "{8D6BB292-9E1C-413D-9F98-4864BDC1514A}"
EndProject
Project("{9A19103F-16F7-4668-BE54-9A1E7A4F7556}") = "jemalloc.Api", "jemalloc.Api\jemalloc.Api.csproj", "{9CD27E9F-1F2C-4BEC-8019-743FF8D86589}"
EndProject
Project("{9A19103F-16F7-4668-BE54-9A1E7A4F7556}") = "jemalloc.Cli", "jemalloc.Cli\jemalloc.Cli.csproj", "{1FE3EBE7-3922-4CAE-A142-B1C4DF935B0F}"
EndProject
Project("{9A19103F-16F7-4668-BE54-9A1E7A4F7556}") = "jemalloc.Tests", "jemalloc.Tests\jemalloc.Tests.csproj", "{072F89BE-D090-49F5-928F-995AA8C2E87E}"
EndProject
Project("{2150E333-8FDC-42A3-9474-1A3956D46DE8}") = "Solution Items", "Solution Items", "{42D17CA7-794A-4D51-A144-6039B9571E75}"
	ProjectSection(SolutionItems) = preProject
		je.cmd = je.cmd
	EndProjectSection
EndProject
Project("{FAE04EC0-301F-11D3-BF4B-00C04F79EFBC}") = "jemalloc.Buffers", "jemalloc.Buffers\jemalloc.Buffers.csproj", "{C4032FF9-E677-4ABD-9150-F292971959E9}"
EndProject
Global
	GlobalSection(SolutionConfigurationPlatforms) = preSolution
		Debug|Any CPU = Debug|Any CPU
		Debug|x64 = Debug|x64
		Debug|x86 = Debug|x86
		Debug-static|Any CPU = Debug-static|Any CPU
		Debug-static|x64 = Debug-static|x64
		Debug-static|x86 = Debug-static|x86
		Release|Any CPU = Release|Any CPU
		Release|x64 = Release|x64
		Release|x86 = Release|x86
		Release-static|Any CPU = Release-static|Any CPU
		Release-static|x64 = Release-static|x64
		Release-static|x86 = Release-static|x86
	EndGlobalSection
	GlobalSection(ProjectConfigurationPlatforms) = postSolution
		{C24A6949-BA9E-443B-A67E-188AB489057E}.Debug|Any CPU.ActiveCfg = Debug|Any CPU
		{C24A6949-BA9E-443B-A67E-188AB489057E}.Debug|Any CPU.Build.0 = Debug|Any CPU
		{C24A6949-BA9E-443B-A67E-188AB489057E}.Debug|x64.ActiveCfg = Debug|x64
		{C24A6949-BA9E-443B-A67E-188AB489057E}.Debug|x64.Build.0 = Debug|x64
		{C24A6949-BA9E-443B-A67E-188AB489057E}.Debug|x86.ActiveCfg = Debug|Any CPU
		{C24A6949-BA9E-443B-A67E-188AB489057E}.Debug|x86.Build.0 = Debug|Any CPU
		{C24A6949-BA9E-443B-A67E-188AB489057E}.Debug-static|Any CPU.ActiveCfg = Debug|Any CPU
		{C24A6949-BA9E-443B-A67E-188AB489057E}.Debug-static|Any CPU.Build.0 = Debug|Any CPU
		{C24A6949-BA9E-443B-A67E-188AB489057E}.Debug-static|x64.ActiveCfg = Debug|Any CPU
		{C24A6949-BA9E-443B-A67E-188AB489057E}.Debug-static|x64.Build.0 = Debug|Any CPU
		{C24A6949-BA9E-443B-A67E-188AB489057E}.Debug-static|x86.ActiveCfg = Debug|Any CPU
		{C24A6949-BA9E-443B-A67E-188AB489057E}.Debug-static|x86.Build.0 = Debug|Any CPU
		{C24A6949-BA9E-443B-A67E-188AB489057E}.Release|Any CPU.ActiveCfg = Release|Any CPU
		{C24A6949-BA9E-443B-A67E-188AB489057E}.Release|Any CPU.Build.0 = Release|Any CPU
		{C24A6949-BA9E-443B-A67E-188AB489057E}.Release|x64.ActiveCfg = Release|Any CPU
		{C24A6949-BA9E-443B-A67E-188AB489057E}.Release|x64.Build.0 = Release|Any CPU
		{C24A6949-BA9E-443B-A67E-188AB489057E}.Release|x86.ActiveCfg = Release|Any CPU
		{C24A6949-BA9E-443B-A67E-188AB489057E}.Release|x86.Build.0 = Release|Any CPU
		{C24A6949-BA9E-443B-A67E-188AB489057E}.Release-static|Any CPU.ActiveCfg = Release|Any CPU
		{C24A6949-BA9E-443B-A67E-188AB489057E}.Release-static|Any CPU.Build.0 = Release|Any CPU
		{C24A6949-BA9E-443B-A67E-188AB489057E}.Release-static|x64.ActiveCfg = Release|Any CPU
		{C24A6949-BA9E-443B-A67E-188AB489057E}.Release-static|x64.Build.0 = Release|Any CPU
		{C24A6949-BA9E-443B-A67E-188AB489057E}.Release-static|x86.ActiveCfg = Release|Any CPU
		{C24A6949-BA9E-443B-A67E-188AB489057E}.Release-static|x86.Build.0 = Release|Any CPU
		{8D6BB292-9E1C-413D-9F98-4864BDC1514A}.Debug|Any CPU.ActiveCfg = Debug|Win32
		{8D6BB292-9E1C-413D-9F98-4864BDC1514A}.Debug|x64.ActiveCfg = Debug|x64
		{8D6BB292-9E1C-413D-9F98-4864BDC1514A}.Debug|x64.Build.0 = Debug|x64
		{8D6BB292-9E1C-413D-9F98-4864BDC1514A}.Debug|x64.Deploy.0 = Debug|x64
		{8D6BB292-9E1C-413D-9F98-4864BDC1514A}.Debug|x86.ActiveCfg = Debug|Win32
		{8D6BB292-9E1C-413D-9F98-4864BDC1514A}.Debug|x86.Build.0 = Debug|Win32
		{8D6BB292-9E1C-413D-9F98-4864BDC1514A}.Debug|x86.Deploy.0 = Debug|Win32
		{8D6BB292-9E1C-413D-9F98-4864BDC1514A}.Debug-static|Any CPU.ActiveCfg = Debug-static|Win32
		{8D6BB292-9E1C-413D-9F98-4864BDC1514A}.Debug-static|x64.ActiveCfg = Debug-static|x64
		{8D6BB292-9E1C-413D-9F98-4864BDC1514A}.Debug-static|x64.Build.0 = Debug-static|x64
		{8D6BB292-9E1C-413D-9F98-4864BDC1514A}.Debug-static|x64.Deploy.0 = Debug-static|x64
		{8D6BB292-9E1C-413D-9F98-4864BDC1514A}.Debug-static|x86.ActiveCfg = Debug-static|Win32
		{8D6BB292-9E1C-413D-9F98-4864BDC1514A}.Debug-static|x86.Build.0 = Debug-static|Win32
		{8D6BB292-9E1C-413D-9F98-4864BDC1514A}.Debug-static|x86.Deploy.0 = Debug-static|Win32
		{8D6BB292-9E1C-413D-9F98-4864BDC1514A}.Release|Any CPU.ActiveCfg = Release|Win32
		{8D6BB292-9E1C-413D-9F98-4864BDC1514A}.Release|x64.ActiveCfg = Release|x64
		{8D6BB292-9E1C-413D-9F98-4864BDC1514A}.Release|x64.Build.0 = Release|x64
		{8D6BB292-9E1C-413D-9F98-4864BDC1514A}.Release|x64.Deploy.0 = Release|x64
		{8D6BB292-9E1C-413D-9F98-4864BDC1514A}.Release|x86.ActiveCfg = Release|Win32
		{8D6BB292-9E1C-413D-9F98-4864BDC1514A}.Release|x86.Build.0 = Release|Win32
		{8D6BB292-9E1C-413D-9F98-4864BDC1514A}.Release|x86.Deploy.0 = Release|Win32
		{8D6BB292-9E1C-413D-9F98-4864BDC1514A}.Release-static|Any CPU.ActiveCfg = Release-static|Win32
		{8D6BB292-9E1C-413D-9F98-4864BDC1514A}.Release-static|x64.ActiveCfg = Release-static|x64
		{8D6BB292-9E1C-413D-9F98-4864BDC1514A}.Release-static|x64.Build.0 = Release-static|x64
		{8D6BB292-9E1C-413D-9F98-4864BDC1514A}.Release-static|x64.Deploy.0 = Release-static|x64
		{8D6BB292-9E1C-413D-9F98-4864BDC1514A}.Release-static|x86.ActiveCfg = Release-static|Win32
		{8D6BB292-9E1C-413D-9F98-4864BDC1514A}.Release-static|x86.Build.0 = Release-static|Win32
		{8D6BB292-9E1C-413D-9F98-4864BDC1514A}.Release-static|x86.Deploy.0 = Release-static|Win32
		{9CD27E9F-1F2C-4BEC-8019-743FF8D86589}.Debug|Any CPU.ActiveCfg = Debug|Any CPU
		{9CD27E9F-1F2C-4BEC-8019-743FF8D86589}.Debug|Any CPU.Build.0 = Debug|Any CPU
		{9CD27E9F-1F2C-4BEC-8019-743FF8D86589}.Debug|x64.ActiveCfg = Debug|x64
		{9CD27E9F-1F2C-4BEC-8019-743FF8D86589}.Debug|x64.Build.0 = Debug|x64
		{9CD27E9F-1F2C-4BEC-8019-743FF8D86589}.Debug|x86.ActiveCfg = Debug|Any CPU
		{9CD27E9F-1F2C-4BEC-8019-743FF8D86589}.Debug|x86.Build.0 = Debug|Any CPU
		{9CD27E9F-1F2C-4BEC-8019-743FF8D86589}.Debug-static|Any CPU.ActiveCfg = Debug|Any CPU
		{9CD27E9F-1F2C-4BEC-8019-743FF8D86589}.Debug-static|Any CPU.Build.0 = Debug|Any CPU
		{9CD27E9F-1F2C-4BEC-8019-743FF8D86589}.Debug-static|x64.ActiveCfg = Debug|Any CPU
		{9CD27E9F-1F2C-4BEC-8019-743FF8D86589}.Debug-static|x64.Build.0 = Debug|Any CPU
		{9CD27E9F-1F2C-4BEC-8019-743FF8D86589}.Debug-static|x86.ActiveCfg = Debug|Any CPU
		{9CD27E9F-1F2C-4BEC-8019-743FF8D86589}.Debug-static|x86.Build.0 = Debug|Any CPU
		{9CD27E9F-1F2C-4BEC-8019-743FF8D86589}.Release|Any CPU.ActiveCfg = Release|Any CPU
		{9CD27E9F-1F2C-4BEC-8019-743FF8D86589}.Release|Any CPU.Build.0 = Release|Any CPU
		{9CD27E9F-1F2C-4BEC-8019-743FF8D86589}.Release|x64.ActiveCfg = Release|Any CPU
		{9CD27E9F-1F2C-4BEC-8019-743FF8D86589}.Release|x64.Build.0 = Release|Any CPU
		{9CD27E9F-1F2C-4BEC-8019-743FF8D86589}.Release|x86.ActiveCfg = Release|Any CPU
		{9CD27E9F-1F2C-4BEC-8019-743FF8D86589}.Release|x86.Build.0 = Release|Any CPU
		{9CD27E9F-1F2C-4BEC-8019-743FF8D86589}.Release-static|Any CPU.ActiveCfg = Release|Any CPU
		{9CD27E9F-1F2C-4BEC-8019-743FF8D86589}.Release-static|Any CPU.Build.0 = Release|Any CPU
		{9CD27E9F-1F2C-4BEC-8019-743FF8D86589}.Release-static|x64.ActiveCfg = Release|Any CPU
		{9CD27E9F-1F2C-4BEC-8019-743FF8D86589}.Release-static|x64.Build.0 = Release|Any CPU
		{9CD27E9F-1F2C-4BEC-8019-743FF8D86589}.Release-static|x86.ActiveCfg = Release|Any CPU
		{9CD27E9F-1F2C-4BEC-8019-743FF8D86589}.Release-static|x86.Build.0 = Release|Any CPU
		{1FE3EBE7-3922-4CAE-A142-B1C4DF935B0F}.Debug|Any CPU.ActiveCfg = Debug|Any CPU
		{1FE3EBE7-3922-4CAE-A142-B1C4DF935B0F}.Debug|Any CPU.Build.0 = Debug|Any CPU
		{1FE3EBE7-3922-4CAE-A142-B1C4DF935B0F}.Debug|x64.ActiveCfg = Debug|x64
		{1FE3EBE7-3922-4CAE-A142-B1C4DF935B0F}.Debug|x64.Build.0 = Debug|x64
		{1FE3EBE7-3922-4CAE-A142-B1C4DF935B0F}.Debug|x86.ActiveCfg = Debug|Any CPU
		{1FE3EBE7-3922-4CAE-A142-B1C4DF935B0F}.Debug|x86.Build.0 = Debug|Any CPU
		{1FE3EBE7-3922-4CAE-A142-B1C4DF935B0F}.Debug-static|Any CPU.ActiveCfg = Debug|Any CPU
		{1FE3EBE7-3922-4CAE-A142-B1C4DF935B0F}.Debug-static|Any CPU.Build.0 = Debug|Any CPU
		{1FE3EBE7-3922-4CAE-A142-B1C4DF935B0F}.Debug-static|x64.ActiveCfg = Debug|Any CPU
		{1FE3EBE7-3922-4CAE-A142-B1C4DF935B0F}.Debug-static|x64.Build.0 = Debug|Any CPU
		{1FE3EBE7-3922-4CAE-A142-B1C4DF935B0F}.Debug-static|x86.ActiveCfg = Debug|Any CPU
		{1FE3EBE7-3922-4CAE-A142-B1C4DF935B0F}.Debug-static|x86.Build.0 = Debug|Any CPU
		{1FE3EBE7-3922-4CAE-A142-B1C4DF935B0F}.Release|Any CPU.ActiveCfg = Release|Any CPU
		{1FE3EBE7-3922-4CAE-A142-B1C4DF935B0F}.Release|Any CPU.Build.0 = Release|Any CPU
		{1FE3EBE7-3922-4CAE-A142-B1C4DF935B0F}.Release|x64.ActiveCfg = Release|Any CPU
		{1FE3EBE7-3922-4CAE-A142-B1C4DF935B0F}.Release|x64.Build.0 = Release|Any CPU
		{1FE3EBE7-3922-4CAE-A142-B1C4DF935B0F}.Release|x86.ActiveCfg = Release|Any CPU
		{1FE3EBE7-3922-4CAE-A142-B1C4DF935B0F}.Release|x86.Build.0 = Release|Any CPU
		{1FE3EBE7-3922-4CAE-A142-B1C4DF935B0F}.Release-static|Any CPU.ActiveCfg = Release|Any CPU
		{1FE3EBE7-3922-4CAE-A142-B1C4DF935B0F}.Release-static|Any CPU.Build.0 = Release|Any CPU
		{1FE3EBE7-3922-4CAE-A142-B1C4DF935B0F}.Release-static|x64.ActiveCfg = Release|Any CPU
		{1FE3EBE7-3922-4CAE-A142-B1C4DF935B0F}.Release-static|x64.Build.0 = Release|Any CPU
		{1FE3EBE7-3922-4CAE-A142-B1C4DF935B0F}.Release-static|x86.ActiveCfg = Release|Any CPU
		{1FE3EBE7-3922-4CAE-A142-B1C4DF935B0F}.Release-static|x86.Build.0 = Release|Any CPU
		{072F89BE-D090-49F5-928F-995AA8C2E87E}.Debug|Any CPU.ActiveCfg = Debug|Any CPU
		{072F89BE-D090-49F5-928F-995AA8C2E87E}.Debug|Any CPU.Build.0 = Debug|Any CPU
		{072F89BE-D090-49F5-928F-995AA8C2E87E}.Debug|x64.ActiveCfg = Debug|x64
		{072F89BE-D090-49F5-928F-995AA8C2E87E}.Debug|x64.Build.0 = Debug|x64
		{072F89BE-D090-49F5-928F-995AA8C2E87E}.Debug|x86.ActiveCfg = Debug|Any CPU
		{072F89BE-D090-49F5-928F-995AA8C2E87E}.Debug|x86.Build.0 = Debug|Any CPU
		{072F89BE-D090-49F5-928F-995AA8C2E87E}.Debug-static|Any CPU.ActiveCfg = Debug|Any CPU
		{072F89BE-D090-49F5-928F-995AA8C2E87E}.Debug-static|Any CPU.Build.0 = Debug|Any CPU
		{072F89BE-D090-49F5-928F-995AA8C2E87E}.Debug-static|x64.ActiveCfg = Debug|Any CPU
		{072F89BE-D090-49F5-928F-995AA8C2E87E}.Debug-static|x64.Build.0 = Debug|Any CPU
		{072F89BE-D090-49F5-928F-995AA8C2E87E}.Debug-static|x86.ActiveCfg = Debug|Any CPU
		{072F89BE-D090-49F5-928F-995AA8C2E87E}.Debug-static|x86.Build.0 = Debug|Any CPU
		{072F89BE-D090-49F5-928F-995AA8C2E87E}.Release|Any CPU.ActiveCfg = Release|Any CPU
		{072F89BE-D090-49F5-928F-995AA8C2E87E}.Release|Any CPU.Build.0 = Release|Any CPU
		{072F89BE-D090-49F5-928F-995AA8C2E87E}.Release|x64.ActiveCfg = Release|Any CPU
		{072F89BE-D090-49F5-928F-995AA8C2E87E}.Release|x64.Build.0 = Release|Any CPU
		{072F89BE-D090-49F5-928F-995AA8C2E87E}.Release|x86.ActiveCfg = Release|Any CPU
		{072F89BE-D090-49F5-928F-995AA8C2E87E}.Release|x86.Build.0 = Release|Any CPU
		{072F89BE-D090-49F5-928F-995AA8C2E87E}.Release-static|Any CPU.ActiveCfg = Release|Any CPU
		{072F89BE-D090-49F5-928F-995AA8C2E87E}.Release-static|Any CPU.Build.0 = Release|Any CPU
		{072F89BE-D090-49F5-928F-995AA8C2E87E}.Release-static|x64.ActiveCfg = Release|Any CPU
		{072F89BE-D090-49F5-928F-995AA8C2E87E}.Release-static|x64.Build.0 = Release|Any CPU
		{072F89BE-D090-49F5-928F-995AA8C2E87E}.Release-static|x86.ActiveCfg = Release|Any CPU
		{072F89BE-D090-49F5-928F-995AA8C2E87E}.Release-static|x86.Build.0 = Release|Any CPU
		{C4032FF9-E677-4ABD-9150-F292971959E9}.Debug|Any CPU.ActiveCfg = Debug|Any CPU
		{C4032FF9-E677-4ABD-9150-F292971959E9}.Debug|Any CPU.Build.0 = Debug|Any CPU
		{C4032FF9-E677-4ABD-9150-F292971959E9}.Debug|x64.ActiveCfg = Debug|Any CPU
		{C4032FF9-E677-4ABD-9150-F292971959E9}.Debug|x64.Build.0 = Debug|Any CPU
		{C4032FF9-E677-4ABD-9150-F292971959E9}.Debug|x86.ActiveCfg = Debug|Any CPU
		{C4032FF9-E677-4ABD-9150-F292971959E9}.Debug|x86.Build.0 = Debug|Any CPU
		{C4032FF9-E677-4ABD-9150-F292971959E9}.Debug-static|Any CPU.ActiveCfg = Debug|Any CPU
		{C4032FF9-E677-4ABD-9150-F292971959E9}.Debug-static|Any CPU.Build.0 = Debug|Any CPU
		{C4032FF9-E677-4ABD-9150-F292971959E9}.Debug-static|x64.ActiveCfg = Debug|Any CPU
		{C4032FF9-E677-4ABD-9150-F292971959E9}.Debug-static|x64.Build.0 = Debug|Any CPU
		{C4032FF9-E677-4ABD-9150-F292971959E9}.Debug-static|x86.ActiveCfg = Debug|Any CPU
		{C4032FF9-E677-4ABD-9150-F292971959E9}.Debug-static|x86.Build.0 = Debug|Any CPU
		{C4032FF9-E677-4ABD-9150-F292971959E9}.Release|Any CPU.ActiveCfg = Release|Any CPU
		{C4032FF9-E677-4ABD-9150-F292971959E9}.Release|Any CPU.Build.0 = Release|Any CPU
		{C4032FF9-E677-4ABD-9150-F292971959E9}.Release|x64.ActiveCfg = Release|Any CPU
		{C4032FF9-E677-4ABD-9150-F292971959E9}.Release|x64.Build.0 = Release|Any CPU
		{C4032FF9-E677-4ABD-9150-F292971959E9}.Release|x86.ActiveCfg = Release|Any CPU
		{C4032FF9-E677-4ABD-9150-F292971959E9}.Release|x86.Build.0 = Release|Any CPU
		{C4032FF9-E677-4ABD-9150-F292971959E9}.Release-static|Any CPU.ActiveCfg = Release|Any CPU
		{C4032FF9-E677-4ABD-9150-F292971959E9}.Release-static|Any CPU.Build.0 = Release|Any CPU
		{C4032FF9-E677-4ABD-9150-F292971959E9}.Release-static|x64.ActiveCfg = Release|Any CPU
		{C4032FF9-E677-4ABD-9150-F292971959E9}.Release-static|x64.Build.0 = Release|Any CPU
		{C4032FF9-E677-4ABD-9150-F292971959E9}.Release-static|x86.ActiveCfg = Release|Any CPU
		{C4032FF9-E677-4ABD-9150-F292971959E9}.Release-static|x86.Build.0 = Release|Any CPU
	EndGlobalSection
	GlobalSection(SolutionProperties) = preSolution
		HideSolutionNode = FALSE
	EndGlobalSection
	GlobalSection(ExtensibilityGlobals) = postSolution
		SolutionGuid = {03EC717B-98F6-4CEE-A5D7-236D8AF7B581}
	EndGlobalSection
EndGlobal
